
Microsoft Visual Studio Solution File, Format Version 12.00
# Visual Studio Version 17
VisualStudioVersion = 17.0.31903.59
MinimumVisualStudioVersion = 10.0.40219.1
Project("{2150E333-8FDC-42A3-9474-1A3956D46DE8}") = "src", "src", "{3AAD7213-E990-4E7B-8FD2-24E44340DE41}"
EndProject
Project("{2150E333-8FDC-42A3-9474-1A3956D46DE8}") = "backend", "backend", "{51DA5237-E65A-43E3-AA7D-09F07F7AFD3F}"
EndProject
Project("{9A19103F-16F7-4668-BE54-9A1E7A4F7556}") = "Cashify.Domain", "src\backend\Cashify.Domain\Cashify.Domain.csproj", "{A25D5C85-6B8A-4648-9A14-46F8C53C77CE}"
EndProject
Global
	GlobalSection(SolutionConfigurationPlatforms) = preSolution
		Debug|Any CPU = Debug|Any CPU
		Release|Any CPU = Release|Any CPU
	EndGlobalSection
	GlobalSection(ProjectConfigurationPlatforms) = postSolution
		{A25D5C85-6B8A-4648-9A14-46F8C53C77CE}.Debug|Any CPU.ActiveCfg = Debug|Any CPU
		{A25D5C85-6B8A-4648-9A14-46F8C53C77CE}.Debug|Any CPU.Build.0 = Debug|Any CPU
		{A25D5C85-6B8A-4648-9A14-46F8C53C77CE}.Release|Any CPU.ActiveCfg = Release|Any CPU
		{A25D5C85-6B8A-4648-9A14-46F8C53C77CE}.Release|Any CPU.Build.0 = Release|Any CPU
	EndGlobalSection
	GlobalSection(SolutionProperties) = preSolution
		HideSolutionNode = FALSE
	EndGlobalSection
	GlobalSection(NestedProjects) = preSolution
		{51DA5237-E65A-43E3-AA7D-09F07F7AFD3F} = {3AAD7213-E990-4E7B-8FD2-24E44340DE41}
		{A25D5C85-6B8A-4648-9A14-46F8C53C77CE} = {51DA5237-E65A-43E3-AA7D-09F07F7AFD3F}
	EndGlobalSection
	GlobalSection(ExtensibilityGlobals) = postSolution
		SolutionGuid = {84D8A158-272B-437A-800F-7BE0572D121B}
	EndGlobalSection
EndGlobal
